
Microsoft Visual Studio Solution File, Format Version 12.00
# Visual Studio Version 16
VisualStudioVersion = 16.0.31424.327
MinimumVisualStudioVersion = 10.0.40219.1
Project("{FAE04EC0-301F-11D3-BF4B-00C04F79EFBC}") = "AgeCalculator", "AgeCalculator\AgeCalculator.csproj", "{B2191A16-8BD5-44B8-AE2C-4E3BC3908FFC}"
EndProject
Global
	GlobalSection(SolutionConfigurationPlatforms) = preSolution
		Debug|Any CPU = Debug|Any CPU
		Release|Any CPU = Release|Any CPU
	EndGlobalSection
	GlobalSection(ProjectConfigurationPlatforms) = postSolution
		{B2191A16-8BD5-44B8-AE2C-4E3BC3908FFC}.Debug|Any CPU.ActiveCfg = Debug|Any CPU
		{B2191A16-8BD5-44B8-AE2C-4E3BC3908FFC}.Debug|Any CPU.Build.0 = Debug|Any CPU
		{B2191A16-8BD5-44B8-AE2C-4E3BC3908FFC}.Release|Any CPU.ActiveCfg = Release|Any CPU
		{B2191A16-8BD5-44B8-AE2C-4E3BC3908FFC}.Release|Any CPU.Build.0 = Release|Any CPU
	EndGlobalSection
	GlobalSection(SolutionProperties) = preSolution
		HideSolutionNode = FALSE
	EndGlobalSection
	GlobalSection(ExtensibilityGlobals) = postSolution
		SolutionGuid = {52901DE5-0D57-4F81-9CB9-F72C7B3FBA2A}
	EndGlobalSection
EndGlobal
